<?xml version="1.0" encoding="UTF-8"?>
<CodeBlocks_project_file>
	<FileVersion major="1" minor="6"/>
	<Project>
		<Option title="Bomberman"/>
		<Option makefile_is_custom="1"/>
		<Option compiler="gcc"/>
		<Option virtualFolders="CMake Files\;CMake Files\..\;CMake Files\..\..\;CMake Files\..\..\..\;CMake Files\..\..\..\..\;CMake Files\..\..\..\..\usr\;CMake Files\..\..\..\..\usr\local\;CMake Files\..\..\..\..\usr\local\lib\;CMake Files\..\..\..\..\usr\local\lib\OGRE\;CMake Files\..\..\..\..\usr\local\lib\OGRE\cmake\;"/>
		<Build>
			<Target title="all">
				<Option working_dir="/home/nicolas/rendu/cpp_indie_studio"/>
				<Option type="4"/>
				<MakeCommands>
					<Build command="/usr/bin/make -j4 -f &quot;/home/nicolas/rendu/cpp_indie_studio/Makefile&quot;  VERBOSE=1 all"/>
					<CompileFile command="/usr/bin/make -j4 -f &quot;/home/nicolas/rendu/cpp_indie_studio/Makefile&quot;  VERBOSE=1 &quot;$file&quot;"/>
					<Clean command="/usr/bin/make -j4 -f &quot;/home/nicolas/rendu/cpp_indie_studio/Makefile&quot;  VERBOSE=1 clean"/>
					<DistClean command="/usr/bin/make -j4 -f &quot;/home/nicolas/rendu/cpp_indie_studio/Makefile&quot;  VERBOSE=1 clean"/>
				</MakeCommands>
			</Target>
			<Target title="install/strip">
				<Option working_dir="/home/nicolas/rendu/cpp_indie_studio"/>
				<Option type="4"/>
				<MakeCommands>
					<Build command="/usr/bin/make -j4 -f &quot;/home/nicolas/rendu/cpp_indie_studio/Makefile&quot;  VERBOSE=1 install/strip"/>
					<CompileFile command="/usr/bin/make -j4 -f &quot;/home/nicolas/rendu/cpp_indie_studio/Makefile&quot;  VERBOSE=1 &quot;$file&quot;"/>
					<Clean command="/usr/bin/make -j4 -f &quot;/home/nicolas/rendu/cpp_indie_studio/Makefile&quot;  VERBOSE=1 clean"/>
					<DistClean command="/usr/bin/make -j4 -f &quot;/home/nicolas/rendu/cpp_indie_studio/Makefile&quot;  VERBOSE=1 clean"/>
				</MakeCommands>
			</Target>
			<Target title="install/local">
				<Option working_dir="/home/nicolas/rendu/cpp_indie_studio"/>
				<Option type="4"/>
				<MakeCommands>
					<Build command="/usr/bin/make -j4 -f &quot;/home/nicolas/rendu/cpp_indie_studio/Makefile&quot;  VERBOSE=1 install/local"/>
					<CompileFile command="/usr/bin/make -j4 -f &quot;/home/nicolas/rendu/cpp_indie_studio/Makefile&quot;  VERBOSE=1 &quot;$file&quot;"/>
					<Clean command="/usr/bin/make -j4 -f &quot;/home/nicolas/rendu/cpp_indie_studio/Makefile&quot;  VERBOSE=1 clean"/>
					<DistClean command="/usr/bin/make -j4 -f &quot;/home/nicolas/rendu/cpp_indie_studio/Makefile&quot;  VERBOSE=1 clean"/>
				</MakeCommands>
			</Target>
			<Target title="rebuild_cache">
				<Option working_dir="/home/nicolas/rendu/cpp_indie_studio"/>
				<Option type="4"/>
				<MakeCommands>
					<Build command="/usr/bin/make -j4 -f &quot;/home/nicolas/rendu/cpp_indie_studio/Makefile&quot;  VERBOSE=1 rebuild_cache"/>
					<CompileFile command="/usr/bin/make -j4 -f &quot;/home/nicolas/rendu/cpp_indie_studio/Makefile&quot;  VERBOSE=1 &quot;$file&quot;"/>
					<Clean command="/usr/bin/make -j4 -f &quot;/home/nicolas/rendu/cpp_indie_studio/Makefile&quot;  VERBOSE=1 clean"/>
					<DistClean command="/usr/bin/make -j4 -f &quot;/home/nicolas/rendu/cpp_indie_studio/Makefile&quot;  VERBOSE=1 clean"/>
				</MakeCommands>
			</Target>
			<Target title="edit_cache">
				<Option working_dir="/home/nicolas/rendu/cpp_indie_studio"/>
				<Option type="4"/>
				<MakeCommands>
					<Build command="/usr/bin/make -j4 -f &quot;/home/nicolas/rendu/cpp_indie_studio/Makefile&quot;  VERBOSE=1 edit_cache"/>
					<CompileFile command="/usr/bin/make -j4 -f &quot;/home/nicolas/rendu/cpp_indie_studio/Makefile&quot;  VERBOSE=1 &quot;$file&quot;"/>
					<Clean command="/usr/bin/make -j4 -f &quot;/home/nicolas/rendu/cpp_indie_studio/Makefile&quot;  VERBOSE=1 clean"/>
					<DistClean command="/usr/bin/make -j4 -f &quot;/home/nicolas/rendu/cpp_indie_studio/Makefile&quot;  VERBOSE=1 clean"/>
				</MakeCommands>
			</Target>
			<Target title="install">
				<Option working_dir="/home/nicolas/rendu/cpp_indie_studio"/>
				<Option type="4"/>
				<MakeCommands>
					<Build command="/usr/bin/make -j4 -f &quot;/home/nicolas/rendu/cpp_indie_studio/Makefile&quot;  VERBOSE=1 install"/>
					<CompileFile command="/usr/bin/make -j4 -f &quot;/home/nicolas/rendu/cpp_indie_studio/Makefile&quot;  VERBOSE=1 &quot;$file&quot;"/>
					<Clean command="/usr/bin/make -j4 -f &quot;/home/nicolas/rendu/cpp_indie_studio/Makefile&quot;  VERBOSE=1 clean"/>
					<DistClean command="/usr/bin/make -j4 -f &quot;/home/nicolas/rendu/cpp_indie_studio/Makefile&quot;  VERBOSE=1 clean"/>
				</MakeCommands>
			</Target>
			<Target title="list_install_components">
				<Option working_dir="/home/nicolas/rendu/cpp_indie_studio"/>
				<Option type="4"/>
				<MakeCommands>
					<Build command="/usr/bin/make -j4 -f &quot;/home/nicolas/rendu/cpp_indie_studio/Makefile&quot;  VERBOSE=1 list_install_components"/>
					<CompileFile command="/usr/bin/make -j4 -f &quot;/home/nicolas/rendu/cpp_indie_studio/Makefile&quot;  VERBOSE=1 &quot;$file&quot;"/>
					<Clean command="/usr/bin/make -j4 -f &quot;/home/nicolas/rendu/cpp_indie_studio/Makefile&quot;  VERBOSE=1 clean"/>
					<DistClean command="/usr/bin/make -j4 -f &quot;/home/nicolas/rendu/cpp_indie_studio/Makefile&quot;  VERBOSE=1 clean"/>
				</MakeCommands>
			</Target>
			<Target title="bomberman">
				<Option output="/home/nicolas/rendu/cpp_indie_studio/bin/bomberman_d" prefix_auto="0" extension_auto="0"/>
				<Option working_dir="/home/nicolas/rendu/cpp_indie_studio/bin"/>
				<Option object_output="./"/>
				<Option type="0"/>
				<Option compiler="gcc"/>
				<Compiler>
					<Add option="-DBOOST_ALL_NO_LIB"/>
					<Add directory="/home/nicolas/rendu/cpp_indie_studio/includes"/>
					<Add directory="/usr/include/OIS"/>
					<Add directory="/usr/local/include/OGRE"/>
					<Add directory="/usr/local/include"/>
					<Add directory="/usr/local/share/OGRE/samples/Common/include"/>
					<Add directory="/usr/local/include/OGRE/Overlay"/>
					<Add directory="/usr/lib/gcc/x86_64-pc-linux-gnu/6.3.1/../../../../include/c++/6.3.1"/>
					<Add directory="/usr/lib/gcc/x86_64-pc-linux-gnu/6.3.1/../../../../include/c++/6.3.1/x86_64-pc-linux-gnu"/>
					<Add directory="/usr/lib/gcc/x86_64-pc-linux-gnu/6.3.1/../../../../include/c++/6.3.1/backward"/>
					<Add directory="/usr/lib/gcc/x86_64-pc-linux-gnu/6.3.1/include"/>
					<Add directory="/usr/lib/gcc/x86_64-pc-linux-gnu/6.3.1/include-fixed"/>
					<Add directory="/usr/include"/>
				</Compiler>
				<MakeCommands>
					<Build command="/usr/bin/make -j4 -f &quot;/home/nicolas/rendu/cpp_indie_studio/Makefile&quot;  VERBOSE=1 bomberman"/>
					<CompileFile command="/usr/bin/make -j4 -f &quot;/home/nicolas/rendu/cpp_indie_studio/Makefile&quot;  VERBOSE=1 &quot;$file&quot;"/>
					<Clean command="/usr/bin/make -j4 -f &quot;/home/nicolas/rendu/cpp_indie_studio/Makefile&quot;  VERBOSE=1 clean"/>
					<DistClean command="/usr/bin/make -j4 -f &quot;/home/nicolas/rendu/cpp_indie_studio/Makefile&quot;  VERBOSE=1 clean"/>
				</MakeCommands>
			</Target>
			<Target title="bomberman/fast">
				<Option output="/home/nicolas/rendu/cpp_indie_studio/bin/bomberman_d" prefix_auto="0" extension_auto="0"/>
				<Option working_dir="/home/nicolas/rendu/cpp_indie_studio/bin"/>
				<Option object_output="./"/>
				<Option type="0"/>
				<Option compiler="gcc"/>
				<Compiler>
					<Add option="-DBOOST_ALL_NO_LIB"/>
					<Add directory="/home/nicolas/rendu/cpp_indie_studio/includes"/>
					<Add directory="/usr/include/OIS"/>
					<Add directory="/usr/local/include/OGRE"/>
					<Add directory="/usr/local/include"/>
					<Add directory="/usr/local/share/OGRE/samples/Common/include"/>
					<Add directory="/usr/local/include/OGRE/Overlay"/>
					<Add directory="/usr/lib/gcc/x86_64-pc-linux-gnu/6.3.1/../../../../include/c++/6.3.1"/>
					<Add directory="/usr/lib/gcc/x86_64-pc-linux-gnu/6.3.1/../../../../include/c++/6.3.1/x86_64-pc-linux-gnu"/>
					<Add directory="/usr/lib/gcc/x86_64-pc-linux-gnu/6.3.1/../../../../include/c++/6.3.1/backward"/>
					<Add directory="/usr/lib/gcc/x86_64-pc-linux-gnu/6.3.1/include"/>
					<Add directory="/usr/lib/gcc/x86_64-pc-linux-gnu/6.3.1/include-fixed"/>
					<Add directory="/usr/include"/>
				</Compiler>
				<MakeCommands>
					<Build command="/usr/bin/make -j4 -f &quot;/home/nicolas/rendu/cpp_indie_studio/Makefile&quot;  VERBOSE=1 bomberman/fast"/>
					<CompileFile command="/usr/bin/make -j4 -f &quot;/home/nicolas/rendu/cpp_indie_studio/Makefile&quot;  VERBOSE=1 &quot;$file&quot;"/>
					<Clean command="/usr/bin/make -j4 -f &quot;/home/nicolas/rendu/cpp_indie_studio/Makefile&quot;  VERBOSE=1 clean"/>
					<DistClean command="/usr/bin/make -j4 -f &quot;/home/nicolas/rendu/cpp_indie_studio/Makefile&quot;  VERBOSE=1 clean"/>
				</MakeCommands>
			</Target>
		</Build>
		<Unit filename="/home/nicolas/rendu/cpp_indie_studio/includes/Collision.hpp">
			<Option target="bomberman"/>
		</Unit>
		<Unit filename="/home/nicolas/rendu/cpp_indie_studio/includes/Common/Manager/CameraManager.hpp">
			<Option target="bomberman"/>
		</Unit>
		<Unit filename="/home/nicolas/rendu/cpp_indie_studio/includes/Common/Manager/GameManager.hpp">
			<Option target="bomberman"/>
		</Unit>
		<Unit filename="/home/nicolas/rendu/cpp_indie_studio/includes/Common/Manager/NodeManager.hpp">
			<Option target="bomberman"/>
		</Unit>
		<Unit filename="/home/nicolas/rendu/cpp_indie_studio/includes/Controller/EventManager.hpp">
			<Option target="bomberman"/>
		</Unit>
		<Unit filename="/home/nicolas/rendu/cpp_indie_studio/includes/Interfaces/ACharacter.hpp">
			<Option target="bomberman"/>
		</Unit>
		<Unit filename="/home/nicolas/rendu/cpp_indie_studio/includes/Interfaces/AGameObject.hpp">
			<Option target="bomberman"/>
		</Unit>
		<Unit filename="/home/nicolas/rendu/cpp_indie_studio/includes/MapManager.hpp">
			<Option target="bomberman"/>
		</Unit>
		<Unit filename="/home/nicolas/rendu/cpp_indie_studio/includes/Objects/Ground.hpp">
			<Option target="bomberman"/>
		</Unit>
		<Unit filename="/home/nicolas/rendu/cpp_indie_studio/includes/Objects/Player.hpp">
			<Option target="bomberman"/>
		</Unit>
		<Unit filename="/home/nicolas/rendu/cpp_indie_studio/includes/Objects/Wall.hpp">
			<Option target="bomberman"/>
		</Unit>
		<Unit filename="/home/nicolas/rendu/cpp_indie_studio/src/Collision.cpp">
			<Option target="bomberman"/>
		</Unit>
		<Unit filename="/home/nicolas/rendu/cpp_indie_studio/src/Common/Manager/CameraManager.cpp">
			<Option target="bomberman"/>
		</Unit>
		<Unit filename="/home/nicolas/rendu/cpp_indie_studio/src/Common/Manager/GameManager.cpp">
			<Option target="bomberman"/>
		</Unit>
		<Unit filename="/home/nicolas/rendu/cpp_indie_studio/src/Common/Manager/NodeManager.cpp">
			<Option target="bomberman"/>
		</Unit>
		<Unit filename="/home/nicolas/rendu/cpp_indie_studio/src/Controller/EventManager.cpp">
			<Option target="bomberman"/>
		</Unit>
		<Unit filename="/home/nicolas/rendu/cpp_indie_studio/src/MapManager.cpp">
			<Option target="bomberman"/>
		</Unit>
		<Unit filename="/home/nicolas/rendu/cpp_indie_studio/src/Objects/ACharacter.cpp">
			<Option target="bomberman"/>
		</Unit>
		<Unit filename="/home/nicolas/rendu/cpp_indie_studio/src/Objects/AGameObject.cpp">
			<Option target="bomberman"/>
		</Unit>
		<Unit filename="/home/nicolas/rendu/cpp_indie_studio/src/Objects/Ground.cpp">
			<Option target="bomberman"/>
		</Unit>
		<Unit filename="/home/nicolas/rendu/cpp_indie_studio/src/Objects/Player.cpp">
			<Option target="bomberman"/>
		</Unit>
		<Unit filename="/home/nicolas/rendu/cpp_indie_studio/src/Objects/Wall.cpp">
			<Option target="bomberman"/>
		</Unit>
		<Unit filename="/home/nicolas/rendu/cpp_indie_studio/src/main.cpp">
			<Option target="bomberman"/>
		</Unit>
		<Unit filename="/home/nicolas/rendu/cpp_indie_studio/CMakeLists.txt">
			<Option virtualFolder="CMake Files\"/>
		</Unit>
		<Unit filename="/home/nicolas/rendu/cpp_indie_studio/../../../../usr/local/lib/OGRE/cmake/FindOGRE.cmake">
			<Option virtualFolder="CMake Files\..\..\..\..\usr\local\lib\OGRE\cmake\"/>
		</Unit>
		<Unit filename="/home/nicolas/rendu/cpp_indie_studio/../../../../usr/local/lib/OGRE/cmake/FindPkgMacros.cmake">
			<Option virtualFolder="CMake Files\..\..\..\..\usr\local\lib\OGRE\cmake\"/>
		</Unit>
		<Unit filename="/home/nicolas/rendu/cpp_indie_studio/../../../../usr/local/lib/OGRE/cmake/PreprocessorUtils.cmake">
			<Option virtualFolder="CMake Files\..\..\..\..\usr\local\lib\OGRE\cmake\"/>
		</Unit>
		<Unit filename="/home/nicolas/rendu/cpp_indie_studio/../../../../usr/local/lib/OGRE/cmake/FindOIS.cmake">
			<Option virtualFolder="CMake Files\..\..\..\..\usr\local\lib\OGRE\cmake\"/>
		</Unit>
		<Unit filename="/home/nicolas/rendu/cpp_indie_studio/../../../../usr/local/lib/OGRE/cmake/FindPkgMacros.cmake">
			<Option virtualFolder="CMake Files\..\..\..\..\usr\local\lib\OGRE\cmake\"/>
		</Unit>
	</Project>
</CodeBlocks_project_file>
